
Microsoft Visual Studio Solution File, Format Version 12.00
# Visual Studio Version 17
VisualStudioVersion = 17.4.33403.182
MinimumVisualStudioVersion = 10.0.40219.1
Project("{FAE04EC0-301F-11D3-BF4B-00C04F79EFBC}") = "functions", "functions\functions.csproj", "{A301ADB2-B074-4652-98E8-B836EF9B4670}"
EndProject
Global
	GlobalSection(SolutionConfigurationPlatforms) = preSolution
		Debug|Any CPU = Debug|Any CPU
		Release|Any CPU = Release|Any CPU
	EndGlobalSection
	GlobalSection(ProjectConfigurationPlatforms) = postSolution
		{A301ADB2-B074-4652-98E8-B836EF9B4670}.Debug|Any CPU.ActiveCfg = Debug|Any CPU
		{A301ADB2-B074-4652-98E8-B836EF9B4670}.Debug|Any CPU.Build.0 = Debug|Any CPU
		{A301ADB2-B074-4652-98E8-B836EF9B4670}.Release|Any CPU.ActiveCfg = Release|Any CPU
		{A301ADB2-B074-4652-98E8-B836EF9B4670}.Release|Any CPU.Build.0 = Release|Any CPU
	EndGlobalSection
	GlobalSection(SolutionProperties) = preSolution
		HideSolutionNode = FALSE
	EndGlobalSection
	GlobalSection(ExtensibilityGlobals) = postSolution
		SolutionGuid = {226580B6-151C-47C5-BCA5-4D20976DF7D6}
	EndGlobalSection
EndGlobal
